// !$*UTF8*$!
{
	archiveVersion = 1;
	classes = {
	};
	objectVersion = 56;
	objects = {

/* Begin PBXBuildFile section */
		AE52B6502A9CB70A00786E7D /* AppDelegate.swift in Sources */ = {isa = PBXBuildFile; fileRef = AE52B64F2A9CB70A00786E7D /* AppDelegate.swift */; };
		AE52B6542A9CB70A00786E7D /* HomeVC.swift in Sources */ = {isa = PBXBuildFile; fileRef = AE52B6532A9CB70A00786E7D /* HomeVC.swift */; };
		AE52B6592A9CB70A00786E7D /* Assets.xcassets in Resources */ = {isa = PBXBuildFile; fileRef = AE52B6582A9CB70A00786E7D /* Assets.xcassets */; };
		AE52B65C2A9CB70A00786E7D /* LaunchScreen.storyboard in Resources */ = {isa = PBXBuildFile; fileRef = AE52B65A2A9CB70A00786E7D /* LaunchScreen.storyboard */; };
		AE52B6652A9CB80200786E7D /* NeonSDK in Frameworks */ = {isa = PBXBuildFile; productRef = AE52B6642A9CB80200786E7D /* NeonSDK */; };
		AE52B6692A9CC1AA00786E7D /* Onboarding1VC.swift in Sources */ = {isa = PBXBuildFile; fileRef = AE52B6682A9CC1AA00786E7D /* Onboarding1VC.swift */; };
		AE52B66B2A9CC1EC00786E7D /* Onboarding2VC.swift in Sources */ = {isa = PBXBuildFile; fileRef = AE52B66A2A9CC1EC00786E7D /* Onboarding2VC.swift */; };
		AE52B66D2A9CC1F100786E7D /* Onboarding3VC.swift in Sources */ = {isa = PBXBuildFile; fileRef = AE52B66C2A9CC1F100786E7D /* Onboarding3VC.swift */; };
		AE52B66F2A9CC6B400786E7D /* UIColor+Extension.swift in Sources */ = {isa = PBXBuildFile; fileRef = AE52B66E2A9CC6B400786E7D /* UIColor+Extension.swift */; };
		AE52B6712A9CE4AD00786E7D /* InnAppVC.swift in Sources */ = {isa = PBXBuildFile; fileRef = AE52B6702A9CE4AD00786E7D /* InnAppVC.swift */; };
		AE52B6772A9DF6CC00786E7D /* MeditationVC.swift in Sources */ = {isa = PBXBuildFile; fileRef = AE52B6762A9DF6CC00786E7D /* MeditationVC.swift */; };
		AE52B6792A9DF6DE00786E7D /* SettingsVC.swift in Sources */ = {isa = PBXBuildFile; fileRef = AE52B6782A9DF6DE00786E7D /* SettingsVC.swift */; };
		AE52B6812A9E1A1F00786E7D /* StoreKit.framework in Frameworks */ = {isa = PBXBuildFile; fileRef = AE52B6802A9E1A1F00786E7D /* StoreKit.framework */; };
		AE52B6832A9E1B5900786E7D /* StoreKitTestCertificate.cer in Resources */ = {isa = PBXBuildFile; fileRef = AE52B6822A9E1B5900786E7D /* StoreKitTestCertificate.cer */; };
		AE52B6852AA0850600786E7D /* MusicModel.swift in Sources */ = {isa = PBXBuildFile; fileRef = AE52B6842AA0850600786E7D /* MusicModel.swift */; };
		AE52B6872AA0863200786E7D /* MeditationCell.swift in Sources */ = {isa = PBXBuildFile; fileRef = AE52B6862AA0863200786E7D /* MeditationCell.swift */; };
		AE52B6892AA0995B00786E7D /* PlayerVC.swift in Sources */ = {isa = PBXBuildFile; fileRef = AE52B6882AA0995B00786E7D /* PlayerVC.swift */; };
		AE52B68C2AA1C9A500786E7D /* ShowAlert.swift in Sources */ = {isa = PBXBuildFile; fileRef = AE52B68B2AA1C9A500786E7D /* ShowAlert.swift */; };
		AE52B6912AA1E06300786E7D /* Alamofire in Frameworks */ = {isa = PBXBuildFile; productRef = AE52B6902AA1E06300786E7D /* Alamofire */; };
		AE52B6942AA224B100786E7D /* ChatGPTSwift in Frameworks */ = {isa = PBXBuildFile; productRef = AE52B6932AA224B100786E7D /* ChatGPTSwift */; };
		AE843E962AAC4D4200158209 /* MusicTableView.swift in Sources */ = {isa = PBXBuildFile; fileRef = AE843E952AAC4D4200158209 /* MusicTableView.swift */; };
		AE843E982AAC4D8300158209 /* MusicTableViewCell.swift in Sources */ = {isa = PBXBuildFile; fileRef = AE843E972AAC4D8300158209 /* MusicTableViewCell.swift */; };
		AE843E9A2AACC20600158209 /* Musics.swift in Sources */ = {isa = PBXBuildFile; fileRef = AE843E992AACC20600158209 /* Musics.swift */; };
		AE8A70F82AA9B1E100E53933 /* CustomSettingsButton.swift in Sources */ = {isa = PBXBuildFile; fileRef = AE8A70F72AA9B1E100E53933 /* CustomSettingsButton.swift */; };
		AE8A70FA2AA9C08000E53933 /* CustomInAppButton.swift in Sources */ = {isa = PBXBuildFile; fileRef = AE8A70F92AA9C08000E53933 /* CustomInAppButton.swift */; };
		AE8A70FC2AA9EBFB00E53933 /* CustomLunarButton.swift in Sources */ = {isa = PBXBuildFile; fileRef = AE8A70FB2AA9EBFB00E53933 /* CustomLunarButton.swift */; };
		AE8A70FE2AA9EC2A00E53933 /* CustomView.swift in Sources */ = {isa = PBXBuildFile; fileRef = AE8A70FD2AA9EC2A00E53933 /* CustomView.swift */; };
		AE98A7AB2AA84AAD0059A1B9 /* HoroscopeManager.swift in Sources */ = {isa = PBXBuildFile; fileRef = AE98A7AA2AA84AAD0059A1B9 /* HoroscopeManager.swift */; };
		AE98A7AD2AA84B420059A1B9 /* APIManager.swift in Sources */ = {isa = PBXBuildFile; fileRef = AE98A7AC2AA84B420059A1B9 /* APIManager.swift */; };
/* End PBXBuildFile section */

/* Begin PBXFileReference section */
		AE52B64C2A9CB70A00786E7D /* MoonX.app */ = {isa = PBXFileReference; explicitFileType = wrapper.application; includeInIndex = 0; path = MoonX.app; sourceTree = BUILT_PRODUCTS_DIR; };
		AE52B64F2A9CB70A00786E7D /* AppDelegate.swift */ = {isa = PBXFileReference; lastKnownFileType = sourcecode.swift; path = AppDelegate.swift; sourceTree = "<group>"; };
		AE52B6532A9CB70A00786E7D /* HomeVC.swift */ = {isa = PBXFileReference; lastKnownFileType = sourcecode.swift; path = HomeVC.swift; sourceTree = "<group>"; };
		AE52B6582A9CB70A00786E7D /* Assets.xcassets */ = {isa = PBXFileReference; lastKnownFileType = folder.assetcatalog; path = Assets.xcassets; sourceTree = "<group>"; };
		AE52B65B2A9CB70A00786E7D /* Base */ = {isa = PBXFileReference; lastKnownFileType = file.storyboard; name = Base; path = Base.lproj/LaunchScreen.storyboard; sourceTree = "<group>"; };
		AE52B65D2A9CB70A00786E7D /* Info.plist */ = {isa = PBXFileReference; lastKnownFileType = text.plist.xml; path = Info.plist; sourceTree = "<group>"; };
		AE52B6682A9CC1AA00786E7D /* Onboarding1VC.swift */ = {isa = PBXFileReference; lastKnownFileType = sourcecode.swift; path = Onboarding1VC.swift; sourceTree = "<group>"; };
		AE52B66A2A9CC1EC00786E7D /* Onboarding2VC.swift */ = {isa = PBXFileReference; lastKnownFileType = sourcecode.swift; path = Onboarding2VC.swift; sourceTree = "<group>"; };
		AE52B66C2A9CC1F100786E7D /* Onboarding3VC.swift */ = {isa = PBXFileReference; lastKnownFileType = sourcecode.swift; path = Onboarding3VC.swift; sourceTree = "<group>"; };
		AE52B66E2A9CC6B400786E7D /* UIColor+Extension.swift */ = {isa = PBXFileReference; lastKnownFileType = sourcecode.swift; path = "UIColor+Extension.swift"; sourceTree = "<group>"; };
		AE52B6702A9CE4AD00786E7D /* InnAppVC.swift */ = {isa = PBXFileReference; lastKnownFileType = sourcecode.swift; path = InnAppVC.swift; sourceTree = "<group>"; };
		AE52B6762A9DF6CC00786E7D /* MeditationVC.swift */ = {isa = PBXFileReference; lastKnownFileType = sourcecode.swift; path = MeditationVC.swift; sourceTree = "<group>"; };
		AE52B6782A9DF6DE00786E7D /* SettingsVC.swift */ = {isa = PBXFileReference; lastKnownFileType = sourcecode.swift; path = SettingsVC.swift; sourceTree = "<group>"; };
		AE52B67C2A9E0BC900786E7D /* Configuration.storekit */ = {isa = PBXFileReference; lastKnownFileType = text; path = Configuration.storekit; sourceTree = "<group>"; };
		AE52B6802A9E1A1F00786E7D /* StoreKit.framework */ = {isa = PBXFileReference; lastKnownFileType = wrapper.framework; name = StoreKit.framework; path = System/Library/Frameworks/StoreKit.framework; sourceTree = SDKROOT; };
		AE52B6822A9E1B5900786E7D /* StoreKitTestCertificate.cer */ = {isa = PBXFileReference; lastKnownFileType = file; path = StoreKitTestCertificate.cer; sourceTree = "<group>"; };
		AE52B6842AA0850600786E7D /* MusicModel.swift */ = {isa = PBXFileReference; lastKnownFileType = sourcecode.swift; path = MusicModel.swift; sourceTree = "<group>"; };
		AE52B6862AA0863200786E7D /* MeditationCell.swift */ = {isa = PBXFileReference; lastKnownFileType = sourcecode.swift; path = MeditationCell.swift; sourceTree = "<group>"; };
		AE52B6882AA0995B00786E7D /* PlayerVC.swift */ = {isa = PBXFileReference; lastKnownFileType = sourcecode.swift; path = PlayerVC.swift; sourceTree = "<group>"; };
		AE52B68B2AA1C9A500786E7D /* ShowAlert.swift */ = {isa = PBXFileReference; lastKnownFileType = sourcecode.swift; path = ShowAlert.swift; sourceTree = "<group>"; };
		AE843E952AAC4D4200158209 /* MusicTableView.swift */ = {isa = PBXFileReference; lastKnownFileType = sourcecode.swift; path = MusicTableView.swift; sourceTree = "<group>"; };
		AE843E972AAC4D8300158209 /* MusicTableViewCell.swift */ = {isa = PBXFileReference; lastKnownFileType = sourcecode.swift; path = MusicTableViewCell.swift; sourceTree = "<group>"; };
		AE843E992AACC20600158209 /* Musics.swift */ = {isa = PBXFileReference; lastKnownFileType = sourcecode.swift; path = Musics.swift; sourceTree = "<group>"; };
		AE8A70F72AA9B1E100E53933 /* CustomSettingsButton.swift */ = {isa = PBXFileReference; lastKnownFileType = sourcecode.swift; path = CustomSettingsButton.swift; sourceTree = "<group>"; };
		AE8A70F92AA9C08000E53933 /* CustomInAppButton.swift */ = {isa = PBXFileReference; lastKnownFileType = sourcecode.swift; path = CustomInAppButton.swift; sourceTree = "<group>"; };
		AE8A70FB2AA9EBFB00E53933 /* CustomLunarButton.swift */ = {isa = PBXFileReference; lastKnownFileType = sourcecode.swift; path = CustomLunarButton.swift; sourceTree = "<group>"; };
		AE8A70FD2AA9EC2A00E53933 /* CustomView.swift */ = {isa = PBXFileReference; lastKnownFileType = sourcecode.swift; path = CustomView.swift; sourceTree = "<group>"; };
		AE98A7AA2AA84AAD0059A1B9 /* HoroscopeManager.swift */ = {isa = PBXFileReference; lastKnownFileType = sourcecode.swift; path = HoroscopeManager.swift; sourceTree = "<group>"; };
		AE98A7AC2AA84B420059A1B9 /* APIManager.swift */ = {isa = PBXFileReference; lastKnownFileType = sourcecode.swift; path = APIManager.swift; sourceTree = "<group>"; };
/* End PBXFileReference section */

/* Begin PBXFrameworksBuildPhase section */
		AE52B6492A9CB70A00786E7D /* Frameworks */ = {
			isa = PBXFrameworksBuildPhase;
			buildActionMask = 2147483647;
			files = (
				AE52B6942AA224B100786E7D /* ChatGPTSwift in Frameworks */,
				AE52B6912AA1E06300786E7D /* Alamofire in Frameworks */,
				AE52B6652A9CB80200786E7D /* NeonSDK in Frameworks */,
				AE52B6812A9E1A1F00786E7D /* StoreKit.framework in Frameworks */,
			);
			runOnlyForDeploymentPostprocessing = 0;
		};
/* End PBXFrameworksBuildPhase section */

/* Begin PBXGroup section */
		AE52B6432A9CB70A00786E7D = {
			isa = PBXGroup;
			children = (
				AE52B64E2A9CB70A00786E7D /* MoonX */,
				AE52B64D2A9CB70A00786E7D /* Products */,
				AE52B67F2A9E1A1F00786E7D /* Frameworks */,
			);
			sourceTree = "<group>";
		};
		AE52B64D2A9CB70A00786E7D /* Products */ = {
			isa = PBXGroup;
			children = (
				AE52B64C2A9CB70A00786E7D /* MoonX.app */,
			);
			name = Products;
			sourceTree = "<group>";
		};
		AE52B64E2A9CB70A00786E7D /* MoonX */ = {
			isa = PBXGroup;
			children = (
				AE8A70F42AA9A58400E53933 /* Helper */,
				AE98A7A92AA84A9E0059A1B9 /* Manager */,
				AE52B6952AA32C7800786E7D /* Musics */,
				AE52B68A2AA0A92E00786E7D /* Models */,
				AE52B6742A9DEC5800786E7D /* Resources */,
				AE52B6732A9DEC0800786E7D /* Extensions */,
				AE52B6662A9CC17300786E7D /* Secene */,
				AE52B65D2A9CB70A00786E7D /* Info.plist */,
			);
			path = MoonX;
			sourceTree = "<group>";
		};
		AE52B6662A9CC17300786E7D /* Secene */ = {
			isa = PBXGroup;
			children = (
				AEAD40892AA48FA000B93668 /* Settings */,
				AEAD40882AA48F9400B93668 /* Meditation */,
				AE52B6752A9DEDA600786E7D /* Home */,
				AE52B6722A9DEBF900786E7D /* Paywall */,
				AE52B6672A9CC17D00786E7D /* Onboarding */,
			);
			path = Secene;
			sourceTree = "<group>";
		};
		AE52B6672A9CC17D00786E7D /* Onboarding */ = {
			isa = PBXGroup;
			children = (
				AE52B6682A9CC1AA00786E7D /* Onboarding1VC.swift */,
				AE52B66A2A9CC1EC00786E7D /* Onboarding2VC.swift */,
				AE52B66C2A9CC1F100786E7D /* Onboarding3VC.swift */,
			);
			path = Onboarding;
			sourceTree = "<group>";
		};
		AE52B6722A9DEBF900786E7D /* Paywall */ = {
			isa = PBXGroup;
			children = (
				AE52B6702A9CE4AD00786E7D /* InnAppVC.swift */,
				AE52B67C2A9E0BC900786E7D /* Configuration.storekit */,
				AE52B6822A9E1B5900786E7D /* StoreKitTestCertificate.cer */,
			);
			path = Paywall;
			sourceTree = "<group>";
		};
		AE52B6732A9DEC0800786E7D /* Extensions */ = {
			isa = PBXGroup;
			children = (
				AE52B66E2A9CC6B400786E7D /* UIColor+Extension.swift */,
			);
			path = Extensions;
			sourceTree = "<group>";
		};
		AE52B6742A9DEC5800786E7D /* Resources */ = {
			isa = PBXGroup;
			children = (
				AE52B64F2A9CB70A00786E7D /* AppDelegate.swift */,
				AE52B6582A9CB70A00786E7D /* Assets.xcassets */,
				AE52B65A2A9CB70A00786E7D /* LaunchScreen.storyboard */,
			);
			path = Resources;
			sourceTree = "<group>";
		};
		AE52B6752A9DEDA600786E7D /* Home */ = {
			isa = PBXGroup;
			children = (
				AE52B6532A9CB70A00786E7D /* HomeVC.swift */,
			);
			path = Home;
			sourceTree = "<group>";
		};
		AE52B67F2A9E1A1F00786E7D /* Frameworks */ = {
			isa = PBXGroup;
			children = (
				AE52B6802A9E1A1F00786E7D /* StoreKit.framework */,
			);
			name = Frameworks;
			sourceTree = "<group>";
		};
		AE52B68A2AA0A92E00786E7D /* Models */ = {
			isa = PBXGroup;
			children = (
				AE52B6842AA0850600786E7D /* MusicModel.swift */,
			);
			path = Models;
			sourceTree = "<group>";
		};
		AE52B6952AA32C7800786E7D /* Musics */ = {
			isa = PBXGroup;
			children = (
				AE843E992AACC20600158209 /* Musics.swift */,
			);
			path = Musics;
			sourceTree = "<group>";
		};
		AE8A70F42AA9A58400E53933 /* Helper */ = {
			isa = PBXGroup;
			children = (
				AE52B68B2AA1C9A500786E7D /* ShowAlert.swift */,
				AE8A70F72AA9B1E100E53933 /* CustomSettingsButton.swift */,
				AE8A70F92AA9C08000E53933 /* CustomInAppButton.swift */,
				AE8A70FB2AA9EBFB00E53933 /* CustomLunarButton.swift */,
				AE8A70FD2AA9EC2A00E53933 /* CustomView.swift */,
			);
			path = Helper;
			sourceTree = "<group>";
		};
		AE98A7A92AA84A9E0059A1B9 /* Manager */ = {
			isa = PBXGroup;
			children = (
				AE98A7AA2AA84AAD0059A1B9 /* HoroscopeManager.swift */,
				AE98A7AC2AA84B420059A1B9 /* APIManager.swift */,
			);
			path = Manager;
			sourceTree = "<group>";
		};
		AEAD40882AA48F9400B93668 /* Meditation */ = {
			isa = PBXGroup;
			children = (
				AE52B6762A9DF6CC00786E7D /* MeditationVC.swift */,
				AE52B6862AA0863200786E7D /* MeditationCell.swift */,
				AE843E972AAC4D8300158209 /* MusicTableViewCell.swift */,
				AE843E952AAC4D4200158209 /* MusicTableView.swift */,
				AE52B6882AA0995B00786E7D /* PlayerVC.swift */,
			);
			path = Meditation;
			sourceTree = "<group>";
		};
		AEAD40892AA48FA000B93668 /* Settings */ = {
			isa = PBXGroup;
			children = (
				AE52B6782A9DF6DE00786E7D /* SettingsVC.swift */,
			);
			path = Settings;
			sourceTree = "<group>";
		};
/* End PBXGroup section */

/* Begin PBXNativeTarget section */
		AE52B64B2A9CB70A00786E7D /* MoonX */ = {
			isa = PBXNativeTarget;
			buildConfigurationList = AE52B6602A9CB70A00786E7D /* Build configuration list for PBXNativeTarget "MoonX" */;
			buildPhases = (
				AE52B6482A9CB70A00786E7D /* Sources */,
				AE52B6492A9CB70A00786E7D /* Frameworks */,
				AE52B64A2A9CB70A00786E7D /* Resources */,
			);
			buildRules = (
			);
			dependencies = (
			);
			name = MoonX;
			packageProductDependencies = (
				AE52B6642A9CB80200786E7D /* NeonSDK */,
				AE52B6902AA1E06300786E7D /* Alamofire */,
				AE52B6932AA224B100786E7D /* ChatGPTSwift */,
			);
			productName = MoonX;
			productReference = AE52B64C2A9CB70A00786E7D /* MoonX.app */;
			productType = "com.apple.product-type.application";
		};
/* End PBXNativeTarget section */

/* Begin PBXProject section */
		AE52B6442A9CB70A00786E7D /* Project object */ = {
			isa = PBXProject;
			attributes = {
				BuildIndependentTargetsInParallel = 1;
				LastSwiftUpdateCheck = 1430;
				LastUpgradeCheck = 1430;
				TargetAttributes = {
					AE52B64B2A9CB70A00786E7D = {
						CreatedOnToolsVersion = 14.3.1;
					};
				};
			};
			buildConfigurationList = AE52B6472A9CB70A00786E7D /* Build configuration list for PBXProject "MoonX" */;
			compatibilityVersion = "Xcode 14.0";
			developmentRegion = en;
			hasScannedForEncodings = 0;
			knownRegions = (
				en,
				Base,
			);
			mainGroup = AE52B6432A9CB70A00786E7D;
			packageReferences = (
				AE52B6632A9CB80200786E7D /* XCRemoteSwiftPackageReference "neon-sdk" */,
				AE52B68F2AA1E06300786E7D /* XCRemoteSwiftPackageReference "Alamofire" */,
				AE52B6922AA224B100786E7D /* XCRemoteSwiftPackageReference "ChatGPTSwift" */,
			);
			productRefGroup = AE52B64D2A9CB70A00786E7D /* Products */;
			projectDirPath = "";
			projectRoot = "";
			targets = (
				AE52B64B2A9CB70A00786E7D /* MoonX */,
			);
		};
/* End PBXProject section */

/* Begin PBXResourcesBuildPhase section */
		AE52B64A2A9CB70A00786E7D /* Resources */ = {
			isa = PBXResourcesBuildPhase;
			buildActionMask = 2147483647;
			files = (
				AE52B65C2A9CB70A00786E7D /* LaunchScreen.storyboard in Resources */,
				AE52B6592A9CB70A00786E7D /* Assets.xcassets in Resources */,
				AE52B6832A9E1B5900786E7D /* StoreKitTestCertificate.cer in Resources */,
			);
			runOnlyForDeploymentPostprocessing = 0;
		};
/* End PBXResourcesBuildPhase section */

/* Begin PBXSourcesBuildPhase section */
		AE52B6482A9CB70A00786E7D /* Sources */ = {
			isa = PBXSourcesBuildPhase;
			buildActionMask = 2147483647;
			files = (
				AE52B66B2A9CC1EC00786E7D /* Onboarding2VC.swift in Sources */,
				AE52B6772A9DF6CC00786E7D /* MeditationVC.swift in Sources */,
				AE52B6542A9CB70A00786E7D /* HomeVC.swift in Sources */,
				AE8A70FC2AA9EBFB00E53933 /* CustomLunarButton.swift in Sources */,
				AE52B6852AA0850600786E7D /* MusicModel.swift in Sources */,
				AE8A70FA2AA9C08000E53933 /* CustomInAppButton.swift in Sources */,
				AE8A70F82AA9B1E100E53933 /* CustomSettingsButton.swift in Sources */,
				AE843E962AAC4D4200158209 /* MusicTableView.swift in Sources */,
				AE8A70FE2AA9EC2A00E53933 /* CustomView.swift in Sources */,
				AE52B6692A9CC1AA00786E7D /* Onboarding1VC.swift in Sources */,
				AE52B6892AA0995B00786E7D /* PlayerVC.swift in Sources */,
				AE843E982AAC4D8300158209 /* MusicTableViewCell.swift in Sources */,
				AE98A7AB2AA84AAD0059A1B9 /* HoroscopeManager.swift in Sources */,
				AE52B66F2A9CC6B400786E7D /* UIColor+Extension.swift in Sources */,
				AE52B6712A9CE4AD00786E7D /* InnAppVC.swift in Sources */,
				AE52B6792A9DF6DE00786E7D /* SettingsVC.swift in Sources */,
				AE52B66D2A9CC1F100786E7D /* Onboarding3VC.swift in Sources */,
				AE843E9A2AACC20600158209 /* Musics.swift in Sources */,
				AE52B6872AA0863200786E7D /* MeditationCell.swift in Sources */,
				AE98A7AD2AA84B420059A1B9 /* APIManager.swift in Sources */,
				AE52B68C2AA1C9A500786E7D /* ShowAlert.swift in Sources */,
				AE52B6502A9CB70A00786E7D /* AppDelegate.swift in Sources */,
			);
			runOnlyForDeploymentPostprocessing = 0;
		};
/* End PBXSourcesBuildPhase section */

/* Begin PBXVariantGroup section */
		AE52B65A2A9CB70A00786E7D /* LaunchScreen.storyboard */ = {
			isa = PBXVariantGroup;
			children = (
				AE52B65B2A9CB70A00786E7D /* Base */,
			);
			name = LaunchScreen.storyboard;
			sourceTree = "<group>";
		};
/* End PBXVariantGroup section */

/* Begin XCBuildConfiguration section */
		AE52B65E2A9CB70A00786E7D /* Debug */ = {
			isa = XCBuildConfiguration;
			buildSettings = {
				ALWAYS_SEARCH_USER_PATHS = NO;
				CLANG_ANALYZER_NONNULL = YES;
				CLANG_ANALYZER_NUMBER_OBJECT_CONVERSION = YES_AGGRESSIVE;
				CLANG_CXX_LANGUAGE_STANDARD = "gnu++20";
				CLANG_ENABLE_MODULES = YES;
				CLANG_ENABLE_OBJC_ARC = YES;
				CLANG_ENABLE_OBJC_WEAK = YES;
				CLANG_WARN_BLOCK_CAPTURE_AUTORELEASING = YES;
				CLANG_WARN_BOOL_CONVERSION = YES;
				CLANG_WARN_COMMA = YES;
				CLANG_WARN_CONSTANT_CONVERSION = YES;
				CLANG_WARN_DEPRECATED_OBJC_IMPLEMENTATIONS = YES;
				CLANG_WARN_DIRECT_OBJC_ISA_USAGE = YES_ERROR;
				CLANG_WARN_DOCUMENTATION_COMMENTS = YES;
				CLANG_WARN_EMPTY_BODY = YES;
				CLANG_WARN_ENUM_CONVERSION = YES;
				CLANG_WARN_INFINITE_RECURSION = YES;
				CLANG_WARN_INT_CONVERSION = YES;
				CLANG_WARN_NON_LITERAL_NULL_CONVERSION = YES;
				CLANG_WARN_OBJC_IMPLICIT_RETAIN_SELF = YES;
				CLANG_WARN_OBJC_LITERAL_CONVERSION = YES;
				CLANG_WARN_OBJC_ROOT_CLASS = YES_ERROR;
				CLANG_WARN_QUOTED_INCLUDE_IN_FRAMEWORK_HEADER = YES;
				CLANG_WARN_RANGE_LOOP_ANALYSIS = YES;
				CLANG_WARN_STRICT_PROTOTYPES = YES;
				CLANG_WARN_SUSPICIOUS_MOVE = YES;
				CLANG_WARN_UNGUARDED_AVAILABILITY = YES_AGGRESSIVE;
				CLANG_WARN_UNREACHABLE_CODE = YES;
				CLANG_WARN__DUPLICATE_METHOD_MATCH = YES;
				COPY_PHASE_STRIP = NO;
				DEBUG_INFORMATION_FORMAT = dwarf;
				ENABLE_STRICT_OBJC_MSGSEND = YES;
				ENABLE_TESTABILITY = YES;
				GCC_C_LANGUAGE_STANDARD = gnu11;
				GCC_DYNAMIC_NO_PIC = NO;
				GCC_NO_COMMON_BLOCKS = YES;
				GCC_OPTIMIZATION_LEVEL = 0;
				GCC_PREPROCESSOR_DEFINITIONS = (
					"DEBUG=1",
					"$(inherited)",
				);
				GCC_WARN_64_TO_32_BIT_CONVERSION = YES;
				GCC_WARN_ABOUT_RETURN_TYPE = YES_ERROR;
				GCC_WARN_UNDECLARED_SELECTOR = YES;
				GCC_WARN_UNINITIALIZED_AUTOS = YES_AGGRESSIVE;
				GCC_WARN_UNUSED_FUNCTION = YES;
				GCC_WARN_UNUSED_VARIABLE = YES;
				IPHONEOS_DEPLOYMENT_TARGET = 16.4;
				MTL_ENABLE_DEBUG_INFO = INCLUDE_SOURCE;
				MTL_FAST_MATH = YES;
				ONLY_ACTIVE_ARCH = YES;
				SDKROOT = iphoneos;
				SWIFT_ACTIVE_COMPILATION_CONDITIONS = DEBUG;
				SWIFT_OPTIMIZATION_LEVEL = "-Onone";
			};
			name = Debug;
		};
		AE52B65F2A9CB70A00786E7D /* Release */ = {
			isa = XCBuildConfiguration;
			buildSettings = {
				ALWAYS_SEARCH_USER_PATHS = NO;
				CLANG_ANALYZER_NONNULL = YES;
				CLANG_ANALYZER_NUMBER_OBJECT_CONVERSION = YES_AGGRESSIVE;
				CLANG_CXX_LANGUAGE_STANDARD = "gnu++20";
				CLANG_ENABLE_MODULES = YES;
				CLANG_ENABLE_OBJC_ARC = YES;
				CLANG_ENABLE_OBJC_WEAK = YES;
				CLANG_WARN_BLOCK_CAPTURE_AUTORELEASING = YES;
				CLANG_WARN_BOOL_CONVERSION = YES;
				CLANG_WARN_COMMA = YES;
				CLANG_WARN_CONSTANT_CONVERSION = YES;
				CLANG_WARN_DEPRECATED_OBJC_IMPLEMENTATIONS = YES;
				CLANG_WARN_DIRECT_OBJC_ISA_USAGE = YES_ERROR;
				CLANG_WARN_DOCUMENTATION_COMMENTS = YES;
				CLANG_WARN_EMPTY_BODY = YES;
				CLANG_WARN_ENUM_CONVERSION = YES;
				CLANG_WARN_INFINITE_RECURSION = YES;
				CLANG_WARN_INT_CONVERSION = YES;
				CLANG_WARN_NON_LITERAL_NULL_CONVERSION = YES;
				CLANG_WARN_OBJC_IMPLICIT_RETAIN_SELF = YES;
				CLANG_WARN_OBJC_LITERAL_CONVERSION = YES;
				CLANG_WARN_OBJC_ROOT_CLASS = YES_ERROR;
				CLANG_WARN_QUOTED_INCLUDE_IN_FRAMEWORK_HEADER = YES;
				CLANG_WARN_RANGE_LOOP_ANALYSIS = YES;
				CLANG_WARN_STRICT_PROTOTYPES = YES;
				CLANG_WARN_SUSPICIOUS_MOVE = YES;
				CLANG_WARN_UNGUARDED_AVAILABILITY = YES_AGGRESSIVE;
				CLANG_WARN_UNREACHABLE_CODE = YES;
				CLANG_WARN__DUPLICATE_METHOD_MATCH = YES;
				COPY_PHASE_STRIP = NO;
				DEBUG_INFORMATION_FORMAT = "dwarf-with-dsym";
				ENABLE_NS_ASSERTIONS = NO;
				ENABLE_STRICT_OBJC_MSGSEND = YES;
				GCC_C_LANGUAGE_STANDARD = gnu11;
				GCC_NO_COMMON_BLOCKS = YES;
				GCC_WARN_64_TO_32_BIT_CONVERSION = YES;
				GCC_WARN_ABOUT_RETURN_TYPE = YES_ERROR;
				GCC_WARN_UNDECLARED_SELECTOR = YES;
				GCC_WARN_UNINITIALIZED_AUTOS = YES_AGGRESSIVE;
				GCC_WARN_UNUSED_FUNCTION = YES;
				GCC_WARN_UNUSED_VARIABLE = YES;
				IPHONEOS_DEPLOYMENT_TARGET = 16.4;
				MTL_ENABLE_DEBUG_INFO = NO;
				MTL_FAST_MATH = YES;
				SDKROOT = iphoneos;
				SWIFT_COMPILATION_MODE = wholemodule;
				SWIFT_OPTIMIZATION_LEVEL = "-O";
				VALIDATE_PRODUCT = YES;
			};
			name = Release;
		};
		AE52B6612A9CB70A00786E7D /* Debug */ = {
			isa = XCBuildConfiguration;
			buildSettings = {
				ASSETCATALOG_COMPILER_APPICON_NAME = AppIcon;
				ASSETCATALOG_COMPILER_GLOBAL_ACCENT_COLOR_NAME = AccentColor;
				CODE_SIGN_STYLE = Automatic;
				CURRENT_PROJECT_VERSION = 1;
				DEVELOPMENT_TEAM = UH5437SQWZ;
				GENERATE_INFOPLIST_FILE = YES;
				INFOPLIST_FILE = MoonX/Info.plist;
				INFOPLIST_KEY_UIApplicationSupportsIndirectInputEvents = YES;
				INFOPLIST_KEY_UILaunchStoryboardName = LaunchScreen;
				INFOPLIST_KEY_UISupportedInterfaceOrientations_iPad = "UIInterfaceOrientationPortrait UIInterfaceOrientationPortraitUpsideDown UIInterfaceOrientationLandscapeLeft UIInterfaceOrientationLandscapeRight";
				INFOPLIST_KEY_UISupportedInterfaceOrientations_iPhone = "UIInterfaceOrientationPortrait UIInterfaceOrientationLandscapeLeft UIInterfaceOrientationLandscapeRight";
				LD_RUNPATH_SEARCH_PATHS = (
					"$(inherited)",
					"@executable_path/Frameworks",
				);
				MARKETING_VERSION = 1.0;
				PRODUCT_BUNDLE_IDENTIFIER = com.neonapps.education.MoonX;
				PRODUCT_NAME = "$(TARGET_NAME)";
				SWIFT_EMIT_LOC_STRINGS = YES;
				SWIFT_VERSION = 5.0;
				TARGETED_DEVICE_FAMILY = "1,2";
			};
			name = Debug;
		};
		AE52B6622A9CB70A00786E7D /* Release */ = {
			isa = XCBuildConfiguration;
			buildSettings = {
				ASSETCATALOG_COMPILER_APPICON_NAME = AppIcon;
				ASSETCATALOG_COMPILER_GLOBAL_ACCENT_COLOR_NAME = AccentColor;
				CODE_SIGN_STYLE = Automatic;
				CURRENT_PROJECT_VERSION = 1;
				DEVELOPMENT_TEAM = UH5437SQWZ;
				GENERATE_INFOPLIST_FILE = YES;
				INFOPLIST_FILE = MoonX/Info.plist;
				INFOPLIST_KEY_UIApplicationSupportsIndirectInputEvents = YES;
				INFOPLIST_KEY_UILaunchStoryboardName = LaunchScreen;
				INFOPLIST_KEY_UISupportedInterfaceOrientations_iPad = "UIInterfaceOrientationPortrait UIInterfaceOrientationPortraitUpsideDown UIInterfaceOrientationLandscapeLeft UIInterfaceOrientationLandscapeRight";
				INFOPLIST_KEY_UISupportedInterfaceOrientations_iPhone = "UIInterfaceOrientationPortrait UIInterfaceOrientationLandscapeLeft UIInterfaceOrientationLandscapeRight";
				LD_RUNPATH_SEARCH_PATHS = (
					"$(inherited)",
					"@executable_path/Frameworks",
				);
				MARKETING_VERSION = 1.0;
				PRODUCT_BUNDLE_IDENTIFIER = com.neonapps.education.MoonX;
				PRODUCT_NAME = "$(TARGET_NAME)";
				SWIFT_EMIT_LOC_STRINGS = YES;
				SWIFT_VERSION = 5.0;
				TARGETED_DEVICE_FAMILY = "1,2";
			};
			name = Release;
		};
/* End XCBuildConfiguration section */

/* Begin XCConfigurationList section */
		AE52B6472A9CB70A00786E7D /* Build configuration list for PBXProject "MoonX" */ = {
			isa = XCConfigurationList;
			buildConfigurations = (
				AE52B65E2A9CB70A00786E7D /* Debug */,
				AE52B65F2A9CB70A00786E7D /* Release */,
			);
			defaultConfigurationIsVisible = 0;
			defaultConfigurationName = Release;
		};
		AE52B6602A9CB70A00786E7D /* Build configuration list for PBXNativeTarget "MoonX" */ = {
			isa = XCConfigurationList;
			buildConfigurations = (
				AE52B6612A9CB70A00786E7D /* Debug */,
				AE52B6622A9CB70A00786E7D /* Release */,
			);
			defaultConfigurationIsVisible = 0;
			defaultConfigurationName = Release;
		};
/* End XCConfigurationList section */

/* Begin XCRemoteSwiftPackageReference section */
		AE52B6632A9CB80200786E7D /* XCRemoteSwiftPackageReference "neon-sdk" */ = {
			isa = XCRemoteSwiftPackageReference;
			repositoryURL = "https://github.com/neon-apps/neon-sdk.git";
			requirement = {
				branch = main;
				kind = branch;
			};
		};
		AE52B68F2AA1E06300786E7D /* XCRemoteSwiftPackageReference "Alamofire" */ = {
			isa = XCRemoteSwiftPackageReference;
			repositoryURL = "https://github.com/Alamofire/Alamofire.git";
			requirement = {
				kind = upToNextMajorVersion;
				minimumVersion = 5.0.0;
			};
		};
		AE52B6922AA224B100786E7D /* XCRemoteSwiftPackageReference "ChatGPTSwift" */ = {
			isa = XCRemoteSwiftPackageReference;
			repositoryURL = "https://github.com/alfianlosari/ChatGPTSwift.git";
			requirement = {
				kind = upToNextMajorVersion;
				minimumVersion = 1.0.0;
			};
		};
/* End XCRemoteSwiftPackageReference section */

/* Begin XCSwiftPackageProductDependency section */
		AE52B6642A9CB80200786E7D /* NeonSDK */ = {
			isa = XCSwiftPackageProductDependency;
			package = AE52B6632A9CB80200786E7D /* XCRemoteSwiftPackageReference "neon-sdk" */;
			productName = NeonSDK;
		};
		AE52B6902AA1E06300786E7D /* Alamofire */ = {
			isa = XCSwiftPackageProductDependency;
			package = AE52B68F2AA1E06300786E7D /* XCRemoteSwiftPackageReference "Alamofire" */;
			productName = Alamofire;
		};
		AE52B6932AA224B100786E7D /* ChatGPTSwift */ = {
			isa = XCSwiftPackageProductDependency;
			package = AE52B6922AA224B100786E7D /* XCRemoteSwiftPackageReference "ChatGPTSwift" */;
			productName = ChatGPTSwift;
		};
/* End XCSwiftPackageProductDependency section */
	};
	rootObject = AE52B6442A9CB70A00786E7D /* Project object */;
}
